// !$*UTF8*$!
{
	archiveVersion = 1;
	classes = {
	};
	objectVersion = 50;
	objects = {

/* Begin PBXBuildFile section */
		C7362F18209BE2060081B012 /* AEXML.framework in CopyFiles */ = {isa = PBXBuildFile; fileRef = C7362F0D209BE1FE0081B012 /* AEXML.framework */; settings = {ATTRIBUTES = (CodeSignOnCopy, RemoveHeadersOnCopy, ); }; };
		C7362F19209BE2060081B012 /* FontBlaster.framework in CopyFiles */ = {isa = PBXBuildFile; fileRef = C7362F0A209BE1FE0081B012 /* FontBlaster.framework */; settings = {ATTRIBUTES = (CodeSignOnCopy, RemoveHeadersOnCopy, ); }; };
		C7362F1A209BE2060081B012 /* JSQWebViewController.framework in CopyFiles */ = {isa = PBXBuildFile; fileRef = C7362F0B209BE1FE0081B012 /* JSQWebViewController.framework */; settings = {ATTRIBUTES = (CodeSignOnCopy, RemoveHeadersOnCopy, ); }; };
		C7362F1B209BE2060081B012 /* MenuItemKit.framework in CopyFiles */ = {isa = PBXBuildFile; fileRef = C7362F0E209BE1FE0081B012 /* MenuItemKit.framework */; settings = {ATTRIBUTES = (CodeSignOnCopy, RemoveHeadersOnCopy, ); }; };
		C7362F1C209BE2060081B012 /* Realm.framework in CopyFiles */ = {isa = PBXBuildFile; fileRef = C7362F0F209BE1FE0081B012 /* Realm.framework */; settings = {ATTRIBUTES = (CodeSignOnCopy, RemoveHeadersOnCopy, ); }; };
		C7362F1D209BE2060081B012 /* RealmSwift.framework in CopyFiles */ = {isa = PBXBuildFile; fileRef = C7362F09209BE1FE0081B012 /* RealmSwift.framework */; settings = {ATTRIBUTES = (CodeSignOnCopy, RemoveHeadersOnCopy, ); }; };
		C7362F1E209BE2060081B012 /* ZFDragableModalTransition.framework in CopyFiles */ = {isa = PBXBuildFile; fileRef = C7362F0C209BE1FE0081B012 /* ZFDragableModalTransition.framework */; settings = {ATTRIBUTES = (CodeSignOnCopy, RemoveHeadersOnCopy, ); }; };
		C7362F1F209BE2060081B012 /* ZipArchive.framework in CopyFiles */ = {isa = PBXBuildFile; fileRef = C7362F08209BE1FE0081B012 /* ZipArchive.framework */; settings = {ATTRIBUTES = (CodeSignOnCopy, RemoveHeadersOnCopy, ); }; };
		C7362F20209BE20C0081B012 /* FolioReaderKit.framework in Frameworks */ = {isa = PBXBuildFile; fileRef = C7C63EAF209946A50093CC02 /* FolioReaderKit.framework */; };
		C7362F22209BE21B0081B012 /* SQLite.framework in Frameworks */ = {isa = PBXBuildFile; fileRef = C7362F21209BE21B0081B012 /* SQLite.framework */; };
		C7362F23209BE2230081B012 /* SQLite.framework in CopyFiles */ = {isa = PBXBuildFile; fileRef = C7362F21209BE21B0081B012 /* SQLite.framework */; settings = {ATTRIBUTES = (CodeSignOnCopy, RemoveHeadersOnCopy, ); }; };
		C7362F24209BE2340081B012 /* FolioReaderKit.framework in CopyFiles */ = {isa = PBXBuildFile; fileRef = C7C63EAF209946A50093CC02 /* FolioReaderKit.framework */; settings = {ATTRIBUTES = (CodeSignOnCopy, RemoveHeadersOnCopy, ); }; };
		C739E63120969DA600046002 /* Helper.swift in Sources */ = {isa = PBXBuildFile; fileRef = C739E63020969DA600046002 /* Helper.swift */; };
		C7403AEB209176D800099119 /* WordbookMainViewController.swift in Sources */ = {isa = PBXBuildFile; fileRef = C7403AEA209176D800099119 /* WordbookMainViewController.swift */; };
		C74CEFD8208C899F002765D6 /* AppDelegate.swift in Sources */ = {isa = PBXBuildFile; fileRef = C74CEFD7208C899F002765D6 /* AppDelegate.swift */; };
		C74CEFDD208C899F002765D6 /* Main.storyboard in Resources */ = {isa = PBXBuildFile; fileRef = C74CEFDB208C899F002765D6 /* Main.storyboard */; };
		C74CEFE0208C899F002765D6 /* app.xcdatamodeld in Sources */ = {isa = PBXBuildFile; fileRef = C74CEFDE208C899F002765D6 /* app.xcdatamodeld */; };
		C74CEFE2208C89A1002765D6 /* Assets.xcassets in Resources */ = {isa = PBXBuildFile; fileRef = C74CEFE1208C89A1002765D6 /* Assets.xcassets */; };
		C74CEFE5208C89A1002765D6 /* LaunchScreen.storyboard in Resources */ = {isa = PBXBuildFile; fileRef = C74CEFE3208C89A1002765D6 /* LaunchScreen.storyboard */; };
		C751A8F82092838000E7B04E /* WordbookDetailViewController.swift in Sources */ = {isa = PBXBuildFile; fileRef = C751A8F72092838000E7B04E /* WordbookDetailViewController.swift */; };
		C782178E209BAAFB00C19E2F /* Ease.swift in Sources */ = {isa = PBXBuildFile; fileRef = C7A97411209A4F8C00A41D02 /* Ease.swift */; };
		C782178F209BAAFB00C19E2F /* FileUtill.swift in Sources */ = {isa = PBXBuildFile; fileRef = C7A9741D209AA33300A41D02 /* FileUtill.swift */; };
		C7821798209BAD1400C19E2F /* Epub.swift in Sources */ = {isa = PBXBuildFile; fileRef = C7A9741F209AA53A00A41D02 /* Epub.swift */; };
		C782179A209BB16200C19E2F /* NewEpub.swift in Sources */ = {isa = PBXBuildFile; fileRef = C7821799209BB16200C19E2F /* NewEpub.swift */; };
		C78217A4209BB3D900C19E2F /* Helper.swift in Sources */ = {isa = PBXBuildFile; fileRef = C782179F209BB3D900C19E2F /* Helper.swift */; };
		C78217A5209BB3D900C19E2F /* Epub.swift in Sources */ = {isa = PBXBuildFile; fileRef = C78217A0209BB3D900C19E2F /* Epub.swift */; };
		C78217A6209BB3D900C19E2F /* FileUtill.swift in Sources */ = {isa = PBXBuildFile; fileRef = C78217A1209BB3D900C19E2F /* FileUtill.swift */; };
		C78217A7209BB3D900C19E2F /* Ease.swift in Sources */ = {isa = PBXBuildFile; fileRef = C78217A2209BB3D900C19E2F /* Ease.swift */; };
		C78217A8209BB3D900C19E2F /* UIUtill.swift in Sources */ = {isa = PBXBuildFile; fileRef = C78217A3209BB3D900C19E2F /* UIUtill.swift */; };
		C78217B8209BB9FD00C19E2F /* EpubTest.swift in Sources */ = {isa = PBXBuildFile; fileRef = C78217B7209BB9FD00C19E2F /* EpubTest.swift */; };
		C78217BD209BC1F300C19E2F /* alice.epub in Resources */ = {isa = PBXBuildFile; fileRef = C78217BC209BC1F300C19E2F /* alice.epub */; };
		C78217C1209BCAA900C19E2F /* BooksTableCell.swift in Sources */ = {isa = PBXBuildFile; fileRef = C78217C0209BCAA900C19E2F /* BooksTableCell.swift */; };
		C78217CF209BD5A500C19E2F /* Main.storyboard in Resources */ = {isa = PBXBuildFile; fileRef = C78217D1209BD5A500C19E2F /* Main.storyboard */; };
		C7905B4120956A3B00CE3D17 /* Wordbook.swift in Sources */ = {isa = PBXBuildFile; fileRef = C7905B4020956A3B00CE3D17 /* Wordbook.swift */; };
		C7905B4320956A7C00CE3D17 /* Word.swift in Sources */ = {isa = PBXBuildFile; fileRef = C7905B4220956A7C00CE3D17 /* Word.swift */; };
		C7905B4520956F0300CE3D17 /* WordbooksTableCell.swift in Sources */ = {isa = PBXBuildFile; fileRef = C7905B4420956F0300CE3D17 /* WordbooksTableCell.swift */; };
		C7905B472095759C00CE3D17 /* UIUtill.swift in Sources */ = {isa = PBXBuildFile; fileRef = C7905B462095759C00CE3D17 /* UIUtill.swift */; };
		C7A97415209A5F0C00A41D02 /* Spinner.swift in Sources */ = {isa = PBXBuildFile; fileRef = C7A97414209A5F0C00A41D02 /* Spinner.swift */; };
		C7A97417209A8FD700A41D02 /* ManagedEpubURL.swift in Sources */ = {isa = PBXBuildFile; fileRef = C7A97416209A8FD700A41D02 /* ManagedEpubURL.swift */; };
		C7A97422209AA65900A41D02 /* ShareError.swift in Sources */ = {isa = PBXBuildFile; fileRef = C7A97421209AA65900A41D02 /* ShareError.swift */; };
		C7A97427209AB00F00A41D02 /* Localizable.strings in Resources */ = {isa = PBXBuildFile; fileRef = C7A97429209AB00F00A41D02 /* Localizable.strings */; };
		C7C1E37A20981A1700C909D7 /* ShareViewController.swift in Sources */ = {isa = PBXBuildFile; fileRef = C7C1E37920981A1700C909D7 /* ShareViewController.swift */; };
		C7C1E38120981A1700C909D7 /* copyEpub.appex in Embed App Extensions */ = {isa = PBXBuildFile; fileRef = C7C1E37720981A1700C909D7 /* copyEpub.appex */; settings = {ATTRIBUTES = (RemoveHeadersOnCopy, ); }; };
		C7C63E902098F7DC0093CC02 /* EntryViewController.swift in Sources */ = {isa = PBXBuildFile; fileRef = C7C63E8F2098F7DC0093CC02 /* EntryViewController.swift */; };
		C7C63E92209905900093CC02 /* BookMainViewController.swift in Sources */ = {isa = PBXBuildFile; fileRef = C7C63E91209905900093CC02 /* BookMainViewController.swift */; };
		C7C63F3020995F3E0093CC02 /* FolioReaderKit.framework in Frameworks */ = {isa = PBXBuildFile; fileRef = C7C63EAF209946A50093CC02 /* FolioReaderKit.framework */; };
/* End PBXBuildFile section */

/* Begin PBXContainerItemProxy section */
		C78217B2209BB9A700C19E2F /* PBXContainerItemProxy */ = {
			isa = PBXContainerItemProxy;
			containerPortal = C74CEFCC208C899F002765D6 /* Project object */;
			proxyType = 1;
			remoteGlobalIDString = C74CEFD3208C899F002765D6;
			remoteInfo = app;
		};
		C7C1E37F20981A1700C909D7 /* PBXContainerItemProxy */ = {
			isa = PBXContainerItemProxy;
			containerPortal = C74CEFCC208C899F002765D6 /* Project object */;
			proxyType = 1;
			remoteGlobalIDString = C7C1E37620981A1700C909D7;
			remoteInfo = copyEpub;
		};
		C7C63EAE209946A50093CC02 /* PBXContainerItemProxy */ = {
			isa = PBXContainerItemProxy;
			containerPortal = C7C63EA9209946A50093CC02 /* FolioReaderKit.xcodeproj */;
			proxyType = 2;
			remoteGlobalIDString = B0D6990B1D035FA2003B4CCD;
			remoteInfo = FolioReaderKit;
		};
		C7C63EB0209946A50093CC02 /* PBXContainerItemProxy */ = {
			isa = PBXContainerItemProxy;
			containerPortal = C7C63EA9209946A50093CC02 /* FolioReaderKit.xcodeproj */;
			proxyType = 2;
			remoteGlobalIDString = B0D699151D035FA2003B4CCD;
			remoteInfo = FolioReaderKitTests;
		};
/* End PBXContainerItemProxy section */

/* Begin PBXCopyFilesBuildPhase section */
		C7821805209BE09100C19E2F /* CopyFiles */ = {
			isa = PBXCopyFilesBuildPhase;
			buildActionMask = 12;
			dstPath = "";
			dstSubfolderSpec = 10;
			files = (
				C7362F18209BE2060081B012 /* AEXML.framework in CopyFiles */,
				C7362F19209BE2060081B012 /* FontBlaster.framework in CopyFiles */,
				C7362F24209BE2340081B012 /* FolioReaderKit.framework in CopyFiles */,
				C7362F1A209BE2060081B012 /* JSQWebViewController.framework in CopyFiles */,
				C7362F23209BE2230081B012 /* SQLite.framework in CopyFiles */,
				C7362F1B209BE2060081B012 /* MenuItemKit.framework in CopyFiles */,
				C7362F1C209BE2060081B012 /* Realm.framework in CopyFiles */,
				C7362F1D209BE2060081B012 /* RealmSwift.framework in CopyFiles */,
				C7362F1E209BE2060081B012 /* ZFDragableModalTransition.framework in CopyFiles */,
				C7362F1F209BE2060081B012 /* ZipArchive.framework in CopyFiles */,
			);
			runOnlyForDeploymentPostprocessing = 0;
		};
		C7C57B22208E96D300C992CF /* Embed App Extensions */ = {
			isa = PBXCopyFilesBuildPhase;
			buildActionMask = 2147483647;
			dstPath = "";
			dstSubfolderSpec = 13;
			files = (
				C7C1E38120981A1700C909D7 /* copyEpub.appex in Embed App Extensions */,
			);
			name = "Embed App Extensions";
			runOnlyForDeploymentPostprocessing = 0;
		};
		C7C63EC120995B000093CC02 /* Copy Files */ = {
			isa = PBXCopyFilesBuildPhase;
			buildActionMask = 2147483647;
			dstPath = "";
			dstSubfolderSpec = 10;
			files = (
			);
			name = "Copy Files";
			runOnlyForDeploymentPostprocessing = 0;
		};
/* End PBXCopyFilesBuildPhase section */

/* Begin PBXFileReference section */
		C7362F08209BE1FE0081B012 /* ZipArchive.framework */ = {isa = PBXFileReference; lastKnownFileType = wrapper.framework; name = ZipArchive.framework; path = FolioReaderKit/Carthage/Build/iOS/ZipArchive.framework; sourceTree = "<group>"; };
		C7362F09209BE1FE0081B012 /* RealmSwift.framework */ = {isa = PBXFileReference; lastKnownFileType = wrapper.framework; name = RealmSwift.framework; path = FolioReaderKit/Carthage/Build/iOS/RealmSwift.framework; sourceTree = "<group>"; };
		C7362F0A209BE1FE0081B012 /* FontBlaster.framework */ = {isa = PBXFileReference; lastKnownFileType = wrapper.framework; name = FontBlaster.framework; path = FolioReaderKit/Carthage/Build/iOS/FontBlaster.framework; sourceTree = "<group>"; };
		C7362F0B209BE1FE0081B012 /* JSQWebViewController.framework */ = {isa = PBXFileReference; lastKnownFileType = wrapper.framework; name = JSQWebViewController.framework; path = FolioReaderKit/Carthage/Build/iOS/JSQWebViewController.framework; sourceTree = "<group>"; };
		C7362F0C209BE1FE0081B012 /* ZFDragableModalTransition.framework */ = {isa = PBXFileReference; lastKnownFileType = wrapper.framework; name = ZFDragableModalTransition.framework; path = FolioReaderKit/Carthage/Build/iOS/ZFDragableModalTransition.framework; sourceTree = "<group>"; };
		C7362F0D209BE1FE0081B012 /* AEXML.framework */ = {isa = PBXFileReference; lastKnownFileType = wrapper.framework; name = AEXML.framework; path = FolioReaderKit/Carthage/Build/iOS/AEXML.framework; sourceTree = "<group>"; };
		C7362F0E209BE1FE0081B012 /* MenuItemKit.framework */ = {isa = PBXFileReference; lastKnownFileType = wrapper.framework; name = MenuItemKit.framework; path = FolioReaderKit/Carthage/Build/iOS/MenuItemKit.framework; sourceTree = "<group>"; };
		C7362F0F209BE1FE0081B012 /* Realm.framework */ = {isa = PBXFileReference; lastKnownFileType = wrapper.framework; name = Realm.framework; path = FolioReaderKit/Carthage/Build/iOS/Realm.framework; sourceTree = "<group>"; };
		C7362F21209BE21B0081B012 /* SQLite.framework */ = {isa = PBXFileReference; lastKnownFileType = wrapper.framework; name = SQLite.framework; path = Carthage/Build/iOS/SQLite.framework; sourceTree = "<group>"; };
		C739E63020969DA600046002 /* Helper.swift */ = {isa = PBXFileReference; lastKnownFileType = sourcecode.swift; path = Helper.swift; sourceTree = "<group>"; };
		C7403AEA209176D800099119 /* WordbookMainViewController.swift */ = {isa = PBXFileReference; lastKnownFileType = sourcecode.swift; path = WordbookMainViewController.swift; sourceTree = "<group>"; };
		C74CEFD4208C899F002765D6 /* app.app */ = {isa = PBXFileReference; explicitFileType = wrapper.application; includeInIndex = 0; path = app.app; sourceTree = BUILT_PRODUCTS_DIR; };
		C74CEFD7208C899F002765D6 /* AppDelegate.swift */ = {isa = PBXFileReference; lastKnownFileType = sourcecode.swift; path = AppDelegate.swift; sourceTree = "<group>"; };
		C74CEFDF208C899F002765D6 /* app.xcdatamodel */ = {isa = PBXFileReference; lastKnownFileType = wrapper.xcdatamodel; path = app.xcdatamodel; sourceTree = "<group>"; };
		C74CEFE1208C89A1002765D6 /* Assets.xcassets */ = {isa = PBXFileReference; lastKnownFileType = folder.assetcatalog; path = Assets.xcassets; sourceTree = "<group>"; };
		C74CEFE6208C89A1002765D6 /* Info.plist */ = {isa = PBXFileReference; lastKnownFileType = text.plist.xml; path = Info.plist; sourceTree = "<group>"; };
		C751A8F72092838000E7B04E /* WordbookDetailViewController.swift */ = {isa = PBXFileReference; lastKnownFileType = sourcecode.swift; path = WordbookDetailViewController.swift; sourceTree = "<group>"; };
		C7821799209BB16200C19E2F /* NewEpub.swift */ = {isa = PBXFileReference; lastKnownFileType = sourcecode.swift; path = NewEpub.swift; sourceTree = "<group>"; };
		C782179F209BB3D900C19E2F /* Helper.swift */ = {isa = PBXFileReference; fileEncoding = 4; lastKnownFileType = sourcecode.swift; name = Helper.swift; path = App/Common/Helper.swift; sourceTree = SOURCE_ROOT; };
		C78217A0209BB3D900C19E2F /* Epub.swift */ = {isa = PBXFileReference; fileEncoding = 4; lastKnownFileType = sourcecode.swift; name = Epub.swift; path = App/Common/Epub.swift; sourceTree = SOURCE_ROOT; };
		C78217A1209BB3D900C19E2F /* FileUtill.swift */ = {isa = PBXFileReference; fileEncoding = 4; lastKnownFileType = sourcecode.swift; name = FileUtill.swift; path = App/Common/FileUtill.swift; sourceTree = SOURCE_ROOT; };
		C78217A2209BB3D900C19E2F /* Ease.swift */ = {isa = PBXFileReference; fileEncoding = 4; lastKnownFileType = sourcecode.swift; name = Ease.swift; path = App/Common/Ease.swift; sourceTree = SOURCE_ROOT; };
		C78217A3209BB3D900C19E2F /* UIUtill.swift */ = {isa = PBXFileReference; fileEncoding = 4; lastKnownFileType = sourcecode.swift; name = UIUtill.swift; path = App/Common/UIUtill.swift; sourceTree = SOURCE_ROOT; };
		C78217AD209BB9A700C19E2F /* AppTest.xctest */ = {isa = PBXFileReference; explicitFileType = wrapper.cfbundle; includeInIndex = 0; path = AppTest.xctest; sourceTree = BUILT_PRODUCTS_DIR; };
		C78217B1209BB9A700C19E2F /* Info.plist */ = {isa = PBXFileReference; lastKnownFileType = text.plist.xml; path = Info.plist; sourceTree = "<group>"; };
		C78217B7209BB9FD00C19E2F /* EpubTest.swift */ = {isa = PBXFileReference; lastKnownFileType = sourcecode.swift; path = EpubTest.swift; sourceTree = "<group>"; };
		C78217BC209BC1F300C19E2F /* alice.epub */ = {isa = PBXFileReference; lastKnownFileType = file; path = alice.epub; sourceTree = "<group>"; };
		C78217C0209BCAA900C19E2F /* BooksTableCell.swift */ = {isa = PBXFileReference; lastKnownFileType = sourcecode.swift; path = BooksTableCell.swift; sourceTree = "<group>"; };
		C78217C7209BD32700C19E2F /* Base */ = {isa = PBXFileReference; lastKnownFileType = file.storyboard; name = Base; path = Base.lproj/Main.storyboard; sourceTree = "<group>"; };
		C78217C8209BD32700C19E2F /* Base */ = {isa = PBXFileReference; lastKnownFileType = file.storyboard; name = Base; path = Base.lproj/LaunchScreen.storyboard; sourceTree = "<group>"; };
		C78217D0209BD5A500C19E2F /* Base */ = {isa = PBXFileReference; lastKnownFileType = file.storyboard; name = Base; path = Base.lproj/Main.storyboard; sourceTree = "<group>"; };
		C78217D5209BD5C000C19E2F /* Base */ = {isa = PBXFileReference; lastKnownFileType = text.plist.strings; name = Base; path = Base.lproj/Localizable.strings; sourceTree = "<group>"; };
		C7905B4020956A3B00CE3D17 /* Wordbook.swift */ = {isa = PBXFileReference; lastKnownFileType = sourcecode.swift; path = Wordbook.swift; sourceTree = "<group>"; };
		C7905B4220956A7C00CE3D17 /* Word.swift */ = {isa = PBXFileReference; lastKnownFileType = sourcecode.swift; path = Word.swift; sourceTree = "<group>"; };
		C7905B4420956F0300CE3D17 /* WordbooksTableCell.swift */ = {isa = PBXFileReference; lastKnownFileType = sourcecode.swift; path = WordbooksTableCell.swift; sourceTree = "<group>"; };
		C7905B462095759C00CE3D17 /* UIUtill.swift */ = {isa = PBXFileReference; lastKnownFileType = sourcecode.swift; path = UIUtill.swift; sourceTree = "<group>"; };
		C7A97411209A4F8C00A41D02 /* Ease.swift */ = {isa = PBXFileReference; lastKnownFileType = sourcecode.swift; path = Ease.swift; sourceTree = "<group>"; };
		C7A97414209A5F0C00A41D02 /* Spinner.swift */ = {isa = PBXFileReference; lastKnownFileType = sourcecode.swift; path = Spinner.swift; sourceTree = "<group>"; };
		C7A97416209A8FD700A41D02 /* ManagedEpubURL.swift */ = {isa = PBXFileReference; lastKnownFileType = sourcecode.swift; path = ManagedEpubURL.swift; sourceTree = "<group>"; };
		C7A9741D209AA33300A41D02 /* FileUtill.swift */ = {isa = PBXFileReference; lastKnownFileType = sourcecode.swift; path = FileUtill.swift; sourceTree = "<group>"; };
		C7A9741F209AA53A00A41D02 /* Epub.swift */ = {isa = PBXFileReference; lastKnownFileType = sourcecode.swift; path = Epub.swift; sourceTree = "<group>"; };
		C7A97421209AA65900A41D02 /* ShareError.swift */ = {isa = PBXFileReference; lastKnownFileType = sourcecode.swift; path = ShareError.swift; sourceTree = "<group>"; };
		C7C1E3262098058500C909D7 /* app.entitlements */ = {isa = PBXFileReference; lastKnownFileType = text.plist.entitlements; path = app.entitlements; sourceTree = "<group>"; };
		C7C1E37720981A1700C909D7 /* copyEpub.appex */ = {isa = PBXFileReference; explicitFileType = "wrapper.app-extension"; includeInIndex = 0; path = copyEpub.appex; sourceTree = BUILT_PRODUCTS_DIR; };
		C7C1E37920981A1700C909D7 /* ShareViewController.swift */ = {isa = PBXFileReference; lastKnownFileType = sourcecode.swift; path = ShareViewController.swift; sourceTree = "<group>"; };
		C7C1E37E20981A1700C909D7 /* Info.plist */ = {isa = PBXFileReference; lastKnownFileType = text.plist.xml; path = Info.plist; sourceTree = "<group>"; };
		C7C1E38520981A4900C909D7 /* copyEpub.entitlements */ = {isa = PBXFileReference; lastKnownFileType = text.plist.entitlements; path = copyEpub.entitlements; sourceTree = "<group>"; };
		C7C63E8F2098F7DC0093CC02 /* EntryViewController.swift */ = {isa = PBXFileReference; lastKnownFileType = sourcecode.swift; path = EntryViewController.swift; sourceTree = "<group>"; };
		C7C63E91209905900093CC02 /* BookMainViewController.swift */ = {isa = PBXFileReference; lastKnownFileType = sourcecode.swift; path = BookMainViewController.swift; sourceTree = "<group>"; };
		C7C63EA9209946A50093CC02 /* FolioReaderKit.xcodeproj */ = {isa = PBXFileReference; lastKnownFileType = "wrapper.pb-project"; name = FolioReaderKit.xcodeproj; path = FolioReaderKit/FolioReaderKit.xcodeproj; sourceTree = "<group>"; };
/* End PBXFileReference section */

/* Begin PBXFrameworksBuildPhase section */
		C74CEFD1208C899F002765D6 /* Frameworks */ = {
			isa = PBXFrameworksBuildPhase;
			buildActionMask = 2147483647;
			files = (
				C7362F22209BE21B0081B012 /* SQLite.framework in Frameworks */,
				C7362F20209BE20C0081B012 /* FolioReaderKit.framework in Frameworks */,
			);
			runOnlyForDeploymentPostprocessing = 0;
		};
		C78217AA209BB9A700C19E2F /* Frameworks */ = {
			isa = PBXFrameworksBuildPhase;
			buildActionMask = 2147483647;
			files = (
			);
			runOnlyForDeploymentPostprocessing = 0;
		};
		C7C1E37420981A1700C909D7 /* Frameworks */ = {
			isa = PBXFrameworksBuildPhase;
			buildActionMask = 2147483647;
			files = (
				C7C63F3020995F3E0093CC02 /* FolioReaderKit.framework in Frameworks */,
			);
			runOnlyForDeploymentPostprocessing = 0;
		};
/* End PBXFrameworksBuildPhase section */

/* Begin PBXGroup section */
		702F24C22323D91C0487792D /* Frameworks */ = {
			isa = PBXGroup;
			children = (
				C7362F21209BE21B0081B012 /* SQLite.framework */,
				C7362F0D209BE1FE0081B012 /* AEXML.framework */,
				C7362F0A209BE1FE0081B012 /* FontBlaster.framework */,
				C7362F0B209BE1FE0081B012 /* JSQWebViewController.framework */,
				C7362F0E209BE1FE0081B012 /* MenuItemKit.framework */,
				C7362F0F209BE1FE0081B012 /* Realm.framework */,
				C7362F09209BE1FE0081B012 /* RealmSwift.framework */,
				C7362F0C209BE1FE0081B012 /* ZFDragableModalTransition.framework */,
				C7362F08209BE1FE0081B012 /* ZipArchive.framework */,
				C7C63EA9209946A50093CC02 /* FolioReaderKit.xcodeproj */,
			);
			name = Frameworks;
			sourceTree = "<group>";
		};
		C7403AE72091767D00099119 /* Wordbook */ = {
			isa = PBXGroup;
			children = (
				C7403AEA209176D800099119 /* WordbookMainViewController.swift */,
				C751A8F72092838000E7B04E /* WordbookDetailViewController.swift */,
				C7905B4020956A3B00CE3D17 /* Wordbook.swift */,
				C7905B4220956A7C00CE3D17 /* Word.swift */,
				C7905B4420956F0300CE3D17 /* WordbooksTableCell.swift */,
			);
			path = Wordbook;
			sourceTree = "<group>";
		};
		C74CEFCB208C899F002765D6 = {
			isa = PBXGroup;
			children = (
				C74CEFD6208C899F002765D6 /* App */,
				C7C1E37820981A1700C909D7 /* CopyEpub */,
				C78217AE209BB9A700C19E2F /* AppTest */,
				C74CEFD5208C899F002765D6 /* Products */,
				702F24C22323D91C0487792D /* Frameworks */,
			);
			sourceTree = "<group>";
		};
		C74CEFD5208C899F002765D6 /* Products */ = {
			isa = PBXGroup;
			children = (
				C74CEFD4208C899F002765D6 /* app.app */,
				C7C1E37720981A1700C909D7 /* copyEpub.appex */,
				C78217AD209BB9A700C19E2F /* AppTest.xctest */,
			);
			name = Products;
			sourceTree = "<group>";
		};
		C74CEFD6208C899F002765D6 /* App */ = {
			isa = PBXGroup;
			children = (
				C78217BB209BC1CF00C19E2F /* SampleEpub */,
				C782179B209BB34500C19E2F /* Common */,
				C782178B209BA69D00C19E2F /* Models */,
				C7C1E3262098058500C909D7 /* app.entitlements */,
				C7C1E2FF2098016D00C909D7 /* Book */,
				C7403AE72091767D00099119 /* Wordbook */,
				C74CEFD7208C899F002765D6 /* AppDelegate.swift */,
				C74CEFDB208C899F002765D6 /* Main.storyboard */,
				C74CEFE1208C89A1002765D6 /* Assets.xcassets */,
				C74CEFE3208C89A1002765D6 /* LaunchScreen.storyboard */,
				C74CEFE6208C89A1002765D6 /* Info.plist */,
				C74CEFDE208C899F002765D6 /* app.xcdatamodeld */,
			);
			path = App;
			sourceTree = "<group>";
		};
		C782178B209BA69D00C19E2F /* Models */ = {
			isa = PBXGroup;
			children = (
			);
			path = Models;
			sourceTree = "<group>";
		};
		C782179B209BB34500C19E2F /* Common */ = {
			isa = PBXGroup;
			children = (
				C7905B462095759C00CE3D17 /* UIUtill.swift */,
				C7A9741D209AA33300A41D02 /* FileUtill.swift */,
				C739E63020969DA600046002 /* Helper.swift */,
				C7A97411209A4F8C00A41D02 /* Ease.swift */,
				C7A9741F209AA53A00A41D02 /* Epub.swift */,
			);
			path = Common;
			sourceTree = "<group>";
		};
		C782179E209BB3D100C19E2F /* Common */ = {
			isa = PBXGroup;
			children = (
				C78217A2209BB3D900C19E2F /* Ease.swift */,
				C78217A0209BB3D900C19E2F /* Epub.swift */,
				C78217A1209BB3D900C19E2F /* FileUtill.swift */,
				C782179F209BB3D900C19E2F /* Helper.swift */,
				C78217A3209BB3D900C19E2F /* UIUtill.swift */,
			);
			path = Common;
			sourceTree = "<group>";
		};
		C78217AE209BB9A700C19E2F /* AppTest */ = {
			isa = PBXGroup;
			children = (
				C78217B7209BB9FD00C19E2F /* EpubTest.swift */,
				C78217B1209BB9A700C19E2F /* Info.plist */,
			);
			path = AppTest;
			sourceTree = "<group>";
		};
		C78217BB209BC1CF00C19E2F /* SampleEpub */ = {
			isa = PBXGroup;
			children = (
				C78217BC209BC1F300C19E2F /* alice.epub */,
			);
			path = SampleEpub;
			sourceTree = "<group>";
		};
		C7A9741A209AA29C00A41D02 /* UI */ = {
			isa = PBXGroup;
			children = (
				C7C63E8F2098F7DC0093CC02 /* EntryViewController.swift */,
				C7C1E37920981A1700C909D7 /* ShareViewController.swift */,
				C7A97414209A5F0C00A41D02 /* Spinner.swift */,
			);
			path = UI;
			sourceTree = "<group>";
		};
		C7A9741B209AA2B500A41D02 /* Models */ = {
			isa = PBXGroup;
			children = (
				C7821799209BB16200C19E2F /* NewEpub.swift */,
				C7A97416209A8FD700A41D02 /* ManagedEpubURL.swift */,
				C7A97421209AA65900A41D02 /* ShareError.swift */,
			);
			path = Models;
			sourceTree = "<group>";
		};
		C7C1E2FF2098016D00C909D7 /* Book */ = {
			isa = PBXGroup;
			children = (
				C7C63E91209905900093CC02 /* BookMainViewController.swift */,
				C78217C0209BCAA900C19E2F /* BooksTableCell.swift */,
			);
			path = Book;
			sourceTree = "<group>";
		};
		C7C1E37820981A1700C909D7 /* CopyEpub */ = {
			isa = PBXGroup;
			children = (
				C782179E209BB3D100C19E2F /* Common */,
				C7A9741B209AA2B500A41D02 /* Models */,
				C7A9741A209AA29C00A41D02 /* UI */,
				C7C1E38520981A4900C909D7 /* copyEpub.entitlements */,
				C7C1E37E20981A1700C909D7 /* Info.plist */,
				C78217D1209BD5A500C19E2F /* Main.storyboard */,
				C7A97429209AB00F00A41D02 /* Localizable.strings */,
			);
			path = CopyEpub;
			sourceTree = "<group>";
		};
		C7C63EAA209946A50093CC02 /* Products */ = {
			isa = PBXGroup;
			children = (
				C7C63EAF209946A50093CC02 /* FolioReaderKit.framework */,
				C7C63EB1209946A50093CC02 /* FolioReaderKitTests.xctest */,
			);
			name = Products;
			sourceTree = "<group>";
		};
/* End PBXGroup section */

/* Begin PBXNativeTarget section */
		C74CEFD3208C899F002765D6 /* app */ = {
			isa = PBXNativeTarget;
			buildConfigurationList = C74CEFE9208C89A1002765D6 /* Build configuration list for PBXNativeTarget "app" */;
			buildPhases = (
				C74CEFD0208C899F002765D6 /* Sources */,
				C74CEFD1208C899F002765D6 /* Frameworks */,
				C74CEFD2208C899F002765D6 /* Resources */,
				C7C57B22208E96D300C992CF /* Embed App Extensions */,
				C7821805209BE09100C19E2F /* CopyFiles */,
			);
			buildRules = (
			);
			dependencies = (
				C7C1E38020981A1700C909D7 /* PBXTargetDependency */,
			);
			name = app;
			productName = app;
			productReference = C74CEFD4208C899F002765D6 /* app.app */;
			productType = "com.apple.product-type.application";
		};
		C78217AC209BB9A700C19E2F /* AppTest */ = {
			isa = PBXNativeTarget;
			buildConfigurationList = C78217B4209BB9A700C19E2F /* Build configuration list for PBXNativeTarget "AppTest" */;
			buildPhases = (
				C78217A9209BB9A700C19E2F /* Sources */,
				C78217AA209BB9A700C19E2F /* Frameworks */,
				C78217AB209BB9A700C19E2F /* Resources */,
			);
			buildRules = (
			);
			dependencies = (
				C78217B3209BB9A700C19E2F /* PBXTargetDependency */,
			);
			name = AppTest;
			productName = AppTest;
			productReference = C78217AD209BB9A700C19E2F /* AppTest.xctest */;
			productType = "com.apple.product-type.bundle.unit-test";
		};
		C7C1E37620981A1700C909D7 /* copyEpub */ = {
			isa = PBXNativeTarget;
			buildConfigurationList = C7C1E38220981A1700C909D7 /* Build configuration list for PBXNativeTarget "copyEpub" */;
			buildPhases = (
				C7C1E37320981A1700C909D7 /* Sources */,
				C7C1E37420981A1700C909D7 /* Frameworks */,
				C7C1E37520981A1700C909D7 /* Resources */,
				C7C63EC120995B000093CC02 /* Copy Files */,
			);
			buildRules = (
			);
			dependencies = (
			);
			name = copyEpub;
			productName = copyEpub;
			productReference = C7C1E37720981A1700C909D7 /* copyEpub.appex */;
			productType = "com.apple.product-type.app-extension";
		};
/* End PBXNativeTarget section */

/* Begin PBXProject section */
		C74CEFCC208C899F002765D6 /* Project object */ = {
			isa = PBXProject;
			attributes = {
				LastSwiftUpdateCheck = 0930;
				LastUpgradeCheck = 0930;
				ORGANIZATIONNAME = sunho;
				TargetAttributes = {
					C74CEFD3208C899F002765D6 = {
						CreatedOnToolsVersion = 9.3;
						SystemCapabilities = {
							com.apple.ApplicationGroups.iOS = {
								enabled = 1;
							};
						};
					};
					C78217AC209BB9A700C19E2F = {
						CreatedOnToolsVersion = 9.3;
						TestTargetID = C74CEFD3208C899F002765D6;
					};
					C7C1E37620981A1700C909D7 = {
						CreatedOnToolsVersion = 9.3;
						SystemCapabilities = {
							com.apple.ApplicationGroups.iOS = {
								enabled = 1;
							};
						};
					};
				};
			};
			buildConfigurationList = C74CEFCF208C899F002765D6 /* Build configuration list for PBXProject "app" */;
			compatibilityVersion = "Xcode 9.3";
			developmentRegion = en;
			hasScannedForEncodings = 0;
			knownRegions = (
				Base,
			);
			mainGroup = C74CEFCB208C899F002765D6;
			productRefGroup = C74CEFD5208C899F002765D6 /* Products */;
			projectDirPath = "";
			projectReferences = (
				{
					ProductGroup = C7C63EAA209946A50093CC02 /* Products */;
					ProjectRef = C7C63EA9209946A50093CC02 /* FolioReaderKit.xcodeproj */;
				},
			);
			projectRoot = "";
			targets = (
				C74CEFD3208C899F002765D6 /* app */,
				C7C1E37620981A1700C909D7 /* copyEpub */,
				C78217AC209BB9A700C19E2F /* AppTest */,
			);
		};
/* End PBXProject section */

/* Begin PBXReferenceProxy section */
		C7C63EAF209946A50093CC02 /* FolioReaderKit.framework */ = {
			isa = PBXReferenceProxy;
			fileType = wrapper.framework;
			path = FolioReaderKit.framework;
			remoteRef = C7C63EAE209946A50093CC02 /* PBXContainerItemProxy */;
			sourceTree = BUILT_PRODUCTS_DIR;
		};
		C7C63EB1209946A50093CC02 /* FolioReaderKitTests.xctest */ = {
			isa = PBXReferenceProxy;
			fileType = wrapper.cfbundle;
			path = FolioReaderKitTests.xctest;
			remoteRef = C7C63EB0209946A50093CC02 /* PBXContainerItemProxy */;
			sourceTree = BUILT_PRODUCTS_DIR;
		};
/* End PBXReferenceProxy section */

/* Begin PBXResourcesBuildPhase section */
		C74CEFD2208C899F002765D6 /* Resources */ = {
			isa = PBXResourcesBuildPhase;
			buildActionMask = 2147483647;
			files = (
				C74CEFE5208C89A1002765D6 /* LaunchScreen.storyboard in Resources */,
				C74CEFE2208C89A1002765D6 /* Assets.xcassets in Resources */,
				C78217BD209BC1F300C19E2F /* alice.epub in Resources */,
				C74CEFDD208C899F002765D6 /* Main.storyboard in Resources */,
			);
			runOnlyForDeploymentPostprocessing = 0;
		};
		C78217AB209BB9A700C19E2F /* Resources */ = {
			isa = PBXResourcesBuildPhase;
			buildActionMask = 2147483647;
			files = (
			);
			runOnlyForDeploymentPostprocessing = 0;
		};
		C7C1E37520981A1700C909D7 /* Resources */ = {
			isa = PBXResourcesBuildPhase;
			buildActionMask = 2147483647;
			files = (
				C78217CF209BD5A500C19E2F /* Main.storyboard in Resources */,
				C7A97427209AB00F00A41D02 /* Localizable.strings in Resources */,
			);
			runOnlyForDeploymentPostprocessing = 0;
		};
/* End PBXResourcesBuildPhase section */

/* Begin PBXSourcesBuildPhase section */
		C74CEFD0208C899F002765D6 /* Sources */ = {
			isa = PBXSourcesBuildPhase;
			buildActionMask = 2147483647;
			files = (
				C7905B4520956F0300CE3D17 /* WordbooksTableCell.swift in Sources */,
				C7821798209BAD1400C19E2F /* Epub.swift in Sources */,
				C7C63E92209905900093CC02 /* BookMainViewController.swift in Sources */,
				C751A8F82092838000E7B04E /* WordbookDetailViewController.swift in Sources */,
				C782178E209BAAFB00C19E2F /* Ease.swift in Sources */,
				C7905B4320956A7C00CE3D17 /* Word.swift in Sources */,
				C7403AEB209176D800099119 /* WordbookMainViewController.swift in Sources */,
				C7905B4120956A3B00CE3D17 /* Wordbook.swift in Sources */,
				C74CEFD8208C899F002765D6 /* AppDelegate.swift in Sources */,
				C782178F209BAAFB00C19E2F /* FileUtill.swift in Sources */,
				C7905B472095759C00CE3D17 /* UIUtill.swift in Sources */,
				C78217C1209BCAA900C19E2F /* BooksTableCell.swift in Sources */,
				C74CEFE0208C899F002765D6 /* app.xcdatamodeld in Sources */,
				C739E63120969DA600046002 /* Helper.swift in Sources */,
			);
			runOnlyForDeploymentPostprocessing = 0;
		};
		C78217A9209BB9A700C19E2F /* Sources */ = {
			isa = PBXSourcesBuildPhase;
			buildActionMask = 2147483647;
			files = (
				C78217B8209BB9FD00C19E2F /* EpubTest.swift in Sources */,
			);
			runOnlyForDeploymentPostprocessing = 0;
		};
		C7C1E37320981A1700C909D7 /* Sources */ = {
			isa = PBXSourcesBuildPhase;
			buildActionMask = 2147483647;
			files = (
				C7A97422209AA65900A41D02 /* ShareError.swift in Sources */,
				C78217A5209BB3D900C19E2F /* Epub.swift in Sources */,
				C78217A8209BB3D900C19E2F /* UIUtill.swift in Sources */,
				C782179A209BB16200C19E2F /* NewEpub.swift in Sources */,
				C7A97417209A8FD700A41D02 /* ManagedEpubURL.swift in Sources */,
				C78217A4209BB3D900C19E2F /* Helper.swift in Sources */,
				C78217A6209BB3D900C19E2F /* FileUtill.swift in Sources */,
				C7C1E37A20981A1700C909D7 /* ShareViewController.swift in Sources */,
				C7C63E902098F7DC0093CC02 /* EntryViewController.swift in Sources */,
				C7A97415209A5F0C00A41D02 /* Spinner.swift in Sources */,
				C78217A7209BB3D900C19E2F /* Ease.swift in Sources */,
			);
			runOnlyForDeploymentPostprocessing = 0;
		};
/* End PBXSourcesBuildPhase section */

/* Begin PBXTargetDependency section */
		C78217B3209BB9A700C19E2F /* PBXTargetDependency */ = {
			isa = PBXTargetDependency;
			target = C74CEFD3208C899F002765D6 /* app */;
			targetProxy = C78217B2209BB9A700C19E2F /* PBXContainerItemProxy */;
		};
		C7C1E38020981A1700C909D7 /* PBXTargetDependency */ = {
			isa = PBXTargetDependency;
			target = C7C1E37620981A1700C909D7 /* copyEpub */;
			targetProxy = C7C1E37F20981A1700C909D7 /* PBXContainerItemProxy */;
		};
/* End PBXTargetDependency section */

/* Begin PBXVariantGroup section */
		C74CEFDB208C899F002765D6 /* Main.storyboard */ = {
			isa = PBXVariantGroup;
			children = (
				C78217C7209BD32700C19E2F /* Base */,
			);
			name = Main.storyboard;
			sourceTree = "<group>";
		};
		C74CEFE3208C89A1002765D6 /* LaunchScreen.storyboard */ = {
			isa = PBXVariantGroup;
			children = (
				C78217C8209BD32700C19E2F /* Base */,
			);
			name = LaunchScreen.storyboard;
			sourceTree = "<group>";
		};
		C78217D1209BD5A500C19E2F /* Main.storyboard */ = {
			isa = PBXVariantGroup;
			children = (
				C78217D0209BD5A500C19E2F /* Base */,
			);
			name = Main.storyboard;
			sourceTree = "<group>";
		};
		C7A97429209AB00F00A41D02 /* Localizable.strings */ = {
			isa = PBXVariantGroup;
			children = (
				C78217D5209BD5C000C19E2F /* Base */,
			);
			name = Localizable.strings;
			sourceTree = "<group>";
		};
/* End PBXVariantGroup section */

/* Begin XCBuildConfiguration section */
		C74CEFE7208C89A1002765D6 /* Debug */ = {
			isa = XCBuildConfiguration;
			buildSettings = {
				ALWAYS_SEARCH_USER_PATHS = NO;
				CLANG_ANALYZER_LOCALIZABILITY_NONLOCALIZED = YES;
				CLANG_ANALYZER_NONNULL = YES;
				CLANG_ANALYZER_NUMBER_OBJECT_CONVERSION = YES_AGGRESSIVE;
				CLANG_CXX_LANGUAGE_STANDARD = "gnu++14";
				CLANG_CXX_LIBRARY = "libc++";
				CLANG_ENABLE_MODULES = YES;
				CLANG_ENABLE_OBJC_ARC = YES;
				CLANG_ENABLE_OBJC_WEAK = YES;
				CLANG_WARN_BLOCK_CAPTURE_AUTORELEASING = YES;
				CLANG_WARN_BOOL_CONVERSION = YES;
				CLANG_WARN_COMMA = YES;
				CLANG_WARN_CONSTANT_CONVERSION = YES;
				CLANG_WARN_DEPRECATED_OBJC_IMPLEMENTATIONS = YES;
				CLANG_WARN_DIRECT_OBJC_ISA_USAGE = YES_ERROR;
				CLANG_WARN_DOCUMENTATION_COMMENTS = YES;
				CLANG_WARN_EMPTY_BODY = YES;
				CLANG_WARN_ENUM_CONVERSION = YES;
				CLANG_WARN_INFINITE_RECURSION = YES;
				CLANG_WARN_INT_CONVERSION = YES;
				CLANG_WARN_NON_LITERAL_NULL_CONVERSION = YES;
				CLANG_WARN_OBJC_IMPLICIT_RETAIN_SELF = YES;
				CLANG_WARN_OBJC_LITERAL_CONVERSION = YES;
				CLANG_WARN_OBJC_ROOT_CLASS = YES_ERROR;
				CLANG_WARN_RANGE_LOOP_ANALYSIS = YES;
				CLANG_WARN_STRICT_PROTOTYPES = YES;
				CLANG_WARN_SUSPICIOUS_MOVE = YES;
				CLANG_WARN_UNGUARDED_AVAILABILITY = YES_AGGRESSIVE;
				CLANG_WARN_UNREACHABLE_CODE = YES;
				CLANG_WARN__DUPLICATE_METHOD_MATCH = YES;
				CODE_SIGN_IDENTITY = "iPhone Developer";
				COPY_PHASE_STRIP = NO;
				DEBUG_INFORMATION_FORMAT = dwarf;
				ENABLE_STRICT_OBJC_MSGSEND = YES;
				ENABLE_TESTABILITY = YES;
				GCC_C_LANGUAGE_STANDARD = gnu11;
				GCC_DYNAMIC_NO_PIC = NO;
				GCC_NO_COMMON_BLOCKS = YES;
				GCC_OPTIMIZATION_LEVEL = 0;
				GCC_PREPROCESSOR_DEFINITIONS = (
					"DEBUG=1",
					"$(inherited)",
				);
				GCC_WARN_64_TO_32_BIT_CONVERSION = YES;
				GCC_WARN_ABOUT_RETURN_TYPE = YES_ERROR;
				GCC_WARN_UNDECLARED_SELECTOR = YES;
				GCC_WARN_UNINITIALIZED_AUTOS = YES_AGGRESSIVE;
				GCC_WARN_UNUSED_FUNCTION = YES;
				GCC_WARN_UNUSED_VARIABLE = YES;
				IPHONEOS_DEPLOYMENT_TARGET = 11.3;
				MTL_ENABLE_DEBUG_INFO = YES;
				ONLY_ACTIVE_ARCH = YES;
				SDKROOT = iphoneos;
				SWIFT_ACTIVE_COMPILATION_CONDITIONS = DEBUG;
				SWIFT_OPTIMIZATION_LEVEL = "-Onone";
			};
			name = Debug;
		};
		C74CEFE8208C89A1002765D6 /* Release */ = {
			isa = XCBuildConfiguration;
			buildSettings = {
				ALWAYS_SEARCH_USER_PATHS = NO;
				CLANG_ANALYZER_LOCALIZABILITY_NONLOCALIZED = YES;
				CLANG_ANALYZER_NONNULL = YES;
				CLANG_ANALYZER_NUMBER_OBJECT_CONVERSION = YES_AGGRESSIVE;
				CLANG_CXX_LANGUAGE_STANDARD = "gnu++14";
				CLANG_CXX_LIBRARY = "libc++";
				CLANG_ENABLE_MODULES = YES;
				CLANG_ENABLE_OBJC_ARC = YES;
				CLANG_ENABLE_OBJC_WEAK = YES;
				CLANG_WARN_BLOCK_CAPTURE_AUTORELEASING = YES;
				CLANG_WARN_BOOL_CONVERSION = YES;
				CLANG_WARN_COMMA = YES;
				CLANG_WARN_CONSTANT_CONVERSION = YES;
				CLANG_WARN_DEPRECATED_OBJC_IMPLEMENTATIONS = YES;
				CLANG_WARN_DIRECT_OBJC_ISA_USAGE = YES_ERROR;
				CLANG_WARN_DOCUMENTATION_COMMENTS = YES;
				CLANG_WARN_EMPTY_BODY = YES;
				CLANG_WARN_ENUM_CONVERSION = YES;
				CLANG_WARN_INFINITE_RECURSION = YES;
				CLANG_WARN_INT_CONVERSION = YES;
				CLANG_WARN_NON_LITERAL_NULL_CONVERSION = YES;
				CLANG_WARN_OBJC_IMPLICIT_RETAIN_SELF = YES;
				CLANG_WARN_OBJC_LITERAL_CONVERSION = YES;
				CLANG_WARN_OBJC_ROOT_CLASS = YES_ERROR;
				CLANG_WARN_RANGE_LOOP_ANALYSIS = YES;
				CLANG_WARN_STRICT_PROTOTYPES = YES;
				CLANG_WARN_SUSPICIOUS_MOVE = YES;
				CLANG_WARN_UNGUARDED_AVAILABILITY = YES_AGGRESSIVE;
				CLANG_WARN_UNREACHABLE_CODE = YES;
				CLANG_WARN__DUPLICATE_METHOD_MATCH = YES;
				CODE_SIGN_IDENTITY = "iPhone Developer";
				COPY_PHASE_STRIP = NO;
				DEBUG_INFORMATION_FORMAT = "dwarf-with-dsym";
				ENABLE_NS_ASSERTIONS = NO;
				ENABLE_STRICT_OBJC_MSGSEND = YES;
				GCC_C_LANGUAGE_STANDARD = gnu11;
				GCC_NO_COMMON_BLOCKS = YES;
				GCC_WARN_64_TO_32_BIT_CONVERSION = YES;
				GCC_WARN_ABOUT_RETURN_TYPE = YES_ERROR;
				GCC_WARN_UNDECLARED_SELECTOR = YES;
				GCC_WARN_UNINITIALIZED_AUTOS = YES_AGGRESSIVE;
				GCC_WARN_UNUSED_FUNCTION = YES;
				GCC_WARN_UNUSED_VARIABLE = YES;
				IPHONEOS_DEPLOYMENT_TARGET = 11.3;
				MTL_ENABLE_DEBUG_INFO = NO;
				SDKROOT = iphoneos;
				SWIFT_COMPILATION_MODE = wholemodule;
				SWIFT_OPTIMIZATION_LEVEL = "-O";
				VALIDATE_PRODUCT = YES;
			};
			name = Release;
		};
		C74CEFEA208C89A1002765D6 /* Debug */ = {
			isa = XCBuildConfiguration;
			buildSettings = {
				ALWAYS_EMBED_SWIFT_STANDARD_LIBRARIES = YES;
				ASSETCATALOG_COMPILER_APPICON_NAME = AppIcon;
				CODE_SIGN_ENTITLEMENTS = app/app.entitlements;
				CODE_SIGN_STYLE = Automatic;
				DEVELOPMENT_TEAM = YT3F53Y6WA;
				FRAMEWORK_SEARCH_PATHS = (
					"$(inherited)",
					"$(PROJECT_DIR)/FolioReaderKit/Carthage/Build/iOS",
					"$(PROJECT_DIR)/Carthage/Build/iOS",
					"$(PROJECT_DIR)",
				);
				INFOPLIST_FILE = app/Info.plist;
				LD_RUNPATH_SEARCH_PATHS = (
					"$(inherited)",
					"@executable_path/Frameworks",
				);
				PRODUCT_BUNDLE_IDENTIFIER = kim.sunho.goraniReader;
				PRODUCT_NAME = "$(TARGET_NAME)";
				SWIFT_VERSION = 4.0;
				TARGETED_DEVICE_FAMILY = "1,2";
			};
			name = Debug;
		};
		C74CEFEB208C89A1002765D6 /* Release */ = {
			isa = XCBuildConfiguration;
			buildSettings = {
				ALWAYS_EMBED_SWIFT_STANDARD_LIBRARIES = YES;
				ASSETCATALOG_COMPILER_APPICON_NAME = AppIcon;
				CODE_SIGN_ENTITLEMENTS = app/app.entitlements;
				CODE_SIGN_STYLE = Automatic;
				DEVELOPMENT_TEAM = YT3F53Y6WA;
				FRAMEWORK_SEARCH_PATHS = (
					"$(inherited)",
					"$(PROJECT_DIR)/FolioReaderKit/Carthage/Build/iOS",
					"$(PROJECT_DIR)/Carthage/Build/iOS",
					"$(PROJECT_DIR)",
				);
				INFOPLIST_FILE = app/Info.plist;
				LD_RUNPATH_SEARCH_PATHS = (
					"$(inherited)",
					"@executable_path/Frameworks",
				);
				PRODUCT_BUNDLE_IDENTIFIER = kim.sunho.goraniReader;
				PRODUCT_NAME = "$(TARGET_NAME)";
				SWIFT_VERSION = 4.0;
				TARGETED_DEVICE_FAMILY = "1,2";
			};
			name = Release;
		};
		C78217B5209BB9A700C19E2F /* Debug */ = {
			isa = XCBuildConfiguration;
			buildSettings = {
				BUNDLE_LOADER = "$(TEST_HOST)";
				CODE_SIGN_STYLE = Automatic;
				DEVELOPMENT_TEAM = YT3F53Y6WA;
				INFOPLIST_FILE = AppTest/Info.plist;
				LD_RUNPATH_SEARCH_PATHS = (
					"$(inherited)",
					"@executable_path/Frameworks",
					"@loader_path/Frameworks",
				);
				PRODUCT_BUNDLE_IDENTIFIER = sunho.AppTest;
				PRODUCT_NAME = "$(TARGET_NAME)";
				SWIFT_VERSION = 4.0;
				TARGETED_DEVICE_FAMILY = "1,2";
				TEST_HOST = "$(BUILT_PRODUCTS_DIR)/app.app/app";
			};
			name = Debug;
		};
		C78217B6209BB9A700C19E2F /* Release */ = {
			isa = XCBuildConfiguration;
			buildSettings = {
				BUNDLE_LOADER = "$(TEST_HOST)";
				CODE_SIGN_STYLE = Automatic;
				DEVELOPMENT_TEAM = YT3F53Y6WA;
				INFOPLIST_FILE = AppTest/Info.plist;
				LD_RUNPATH_SEARCH_PATHS = (
					"$(inherited)",
					"@executable_path/Frameworks",
					"@loader_path/Frameworks",
				);
				PRODUCT_BUNDLE_IDENTIFIER = sunho.AppTest;
				PRODUCT_NAME = "$(TARGET_NAME)";
				SWIFT_VERSION = 4.0;
				TARGETED_DEVICE_FAMILY = "1,2";
				TEST_HOST = "$(BUILT_PRODUCTS_DIR)/app.app/app";
			};
			name = Release;
		};
		C7C1E38320981A1700C909D7 /* Debug */ = {
			isa = XCBuildConfiguration;
			buildSettings = {
				CODE_SIGN_ENTITLEMENTS = copyEpub/copyEpub.entitlements;
				CODE_SIGN_STYLE = Automatic;
				DEVELOPMENT_TEAM = YT3F53Y6WA;
				FRAMEWORK_SEARCH_PATHS = (
					"$(inherited)",
					"$(PROJECT_DIR)",
					"$(PROJECT_DIR)/Carthage/Build/iOS",
				);
				INFOPLIST_FILE = copyEpub/Info.plist;
				LD_RUNPATH_SEARCH_PATHS = (
					"$(inherited)",
					"@executable_path/Frameworks",
					"@executable_path/../../Frameworks",
				);
				PRODUCT_BUNDLE_IDENTIFIER = kim.sunho.goraniReader.copyEpub;
				PRODUCT_NAME = "$(TARGET_NAME)";
				SKIP_INSTALL = YES;
				SWIFT_VERSION = 4.0;
				TARGETED_DEVICE_FAMILY = "1,2";
			};
			name = Debug;
		};
		C7C1E38420981A1700C909D7 /* Release */ = {
			isa = XCBuildConfiguration;
			buildSettings = {
				CODE_SIGN_ENTITLEMENTS = copyEpub/copyEpub.entitlements;
				CODE_SIGN_STYLE = Automatic;
				DEVELOPMENT_TEAM = YT3F53Y6WA;
				FRAMEWORK_SEARCH_PATHS = (
					"$(inherited)",
					"$(PROJECT_DIR)",
					"$(PROJECT_DIR)/Carthage/Build/iOS",
				);
				INFOPLIST_FILE = copyEpub/Info.plist;
				LD_RUNPATH_SEARCH_PATHS = (
					"$(inherited)",
					"@executable_path/Frameworks",
					"@executable_path/../../Frameworks",
				);
				PRODUCT_BUNDLE_IDENTIFIER = kim.sunho.goraniReader.copyEpub;
				PRODUCT_NAME = "$(TARGET_NAME)";
				SKIP_INSTALL = YES;
				SWIFT_VERSION = 4.0;
				TARGETED_DEVICE_FAMILY = "1,2";
			};
			name = Release;
		};
/* End XCBuildConfiguration section */

/* Begin XCConfigurationList section */
		C74CEFCF208C899F002765D6 /* Build configuration list for PBXProject "app" */ = {
			isa = XCConfigurationList;
			buildConfigurations = (
				C74CEFE7208C89A1002765D6 /* Debug */,
				C74CEFE8208C89A1002765D6 /* Release */,
			);
			defaultConfigurationIsVisible = 0;
			defaultConfigurationName = Release;
		};
		C74CEFE9208C89A1002765D6 /* Build configuration list for PBXNativeTarget "app" */ = {
			isa = XCConfigurationList;
			buildConfigurations = (
				C74CEFEA208C89A1002765D6 /* Debug */,
				C74CEFEB208C89A1002765D6 /* Release */,
			);
			defaultConfigurationIsVisible = 0;
			defaultConfigurationName = Release;
		};
		C78217B4209BB9A700C19E2F /* Build configuration list for PBXNativeTarget "AppTest" */ = {
			isa = XCConfigurationList;
			buildConfigurations = (
				C78217B5209BB9A700C19E2F /* Debug */,
				C78217B6209BB9A700C19E2F /* Release */,
			);
			defaultConfigurationIsVisible = 0;
			defaultConfigurationName = Release;
		};
		C7C1E38220981A1700C909D7 /* Build configuration list for PBXNativeTarget "copyEpub" */ = {
			isa = XCConfigurationList;
			buildConfigurations = (
				C7C1E38320981A1700C909D7 /* Debug */,
				C7C1E38420981A1700C909D7 /* Release */,
			);
			defaultConfigurationIsVisible = 0;
			defaultConfigurationName = Release;
		};
/* End XCConfigurationList section */

/* Begin XCVersionGroup section */
		C74CEFDE208C899F002765D6 /* app.xcdatamodeld */ = {
			isa = XCVersionGroup;
			children = (
				C74CEFDF208C899F002765D6 /* app.xcdatamodel */,
			);
			currentVersion = C74CEFDF208C899F002765D6 /* app.xcdatamodel */;
			path = app.xcdatamodeld;
			sourceTree = "<group>";
			versionGroupType = wrapper.xcdatamodel;
		};
/* End XCVersionGroup section */
	};
	rootObject = C74CEFCC208C899F002765D6 /* Project object */;
}
